
Microsoft Visual Studio Solution File, Format Version 12.00
# Visual Studio Version 17
VisualStudioVersion = 17.6.33723.286
MinimumVisualStudioVersion = 10.0.40219.1
Project("{FAE04EC0-301F-11D3-BF4B-00C04F79EFBC}") = "PdfCreateWithIText", "PdfCreateWithIText\PdfCreateWithIText.csproj", "{EE9BA921-27F5-4678-85DF-DA3327D4C907}"
EndProject
Project("{FAE04EC0-301F-11D3-BF4B-00C04F79EFBC}") = "PdfCreateWithIText.Utils", "PdfCreateWithIText.Utils\PdfCreateWithIText.Utils.csproj", "{B9610060-336E-4A3A-A8CC-E760643A4AC0}"
EndProject
Global
	GlobalSection(SolutionConfigurationPlatforms) = preSolution
		Debug|Any CPU = Debug|Any CPU
		Release|Any CPU = Release|Any CPU
	EndGlobalSection
	GlobalSection(ProjectConfigurationPlatforms) = postSolution
		{EE9BA921-27F5-4678-85DF-DA3327D4C907}.Debug|Any CPU.ActiveCfg = Debug|Any CPU
		{EE9BA921-27F5-4678-85DF-DA3327D4C907}.Debug|Any CPU.Build.0 = Debug|Any CPU
		{EE9BA921-27F5-4678-85DF-DA3327D4C907}.Release|Any CPU.ActiveCfg = Release|Any CPU
		{EE9BA921-27F5-4678-85DF-DA3327D4C907}.Release|Any CPU.Build.0 = Release|Any CPU
		{B9610060-336E-4A3A-A8CC-E760643A4AC0}.Debug|Any CPU.ActiveCfg = Debug|Any CPU
		{B9610060-336E-4A3A-A8CC-E760643A4AC0}.Debug|Any CPU.Build.0 = Debug|Any CPU
		{B9610060-336E-4A3A-A8CC-E760643A4AC0}.Release|Any CPU.ActiveCfg = Release|Any CPU
		{B9610060-336E-4A3A-A8CC-E760643A4AC0}.Release|Any CPU.Build.0 = Release|Any CPU
	EndGlobalSection
	GlobalSection(SolutionProperties) = preSolution
		HideSolutionNode = FALSE
	EndGlobalSection
	GlobalSection(ExtensibilityGlobals) = postSolution
		SolutionGuid = {55AD82C4-B92A-4C9A-954B-77CE61307B68}
	EndGlobalSection
EndGlobal
